
Microsoft Visual Studio Solution File, Format Version 12.00
# Visual Studio Version 16
VisualStudioVersion = 16.0.29424.173
MinimumVisualStudioVersion = 10.0.40219.1
Project("{FAE04EC0-301F-11D3-BF4B-00C04F79EFBC}") = "LearningAsyncAwayStart", "LearningAsyncAwayStart\LearningAsyncAwayStart.csproj", "{B9255E12-92B5-4BA9-9703-A74F18E595D3}"
EndProject
Global
	GlobalSection(SolutionConfigurationPlatforms) = preSolution
		Debug|Any CPU = Debug|Any CPU
		Release|Any CPU = Release|Any CPU
	EndGlobalSection
	GlobalSection(ProjectConfigurationPlatforms) = postSolution
		{B9255E12-92B5-4BA9-9703-A74F18E595D3}.Debug|Any CPU.ActiveCfg = Debug|Any CPU
		{B9255E12-92B5-4BA9-9703-A74F18E595D3}.Debug|Any CPU.Build.0 = Debug|Any CPU
		{B9255E12-92B5-4BA9-9703-A74F18E595D3}.Release|Any CPU.ActiveCfg = Release|Any CPU
		{B9255E12-92B5-4BA9-9703-A74F18E595D3}.Release|Any CPU.Build.0 = Release|Any CPU
	EndGlobalSection
	GlobalSection(SolutionProperties) = preSolution
		HideSolutionNode = FALSE
	EndGlobalSection
	GlobalSection(ExtensibilityGlobals) = postSolution
		SolutionGuid = {2D928A65-57F0-4F67-9B8F-2A8B827B6AB4}
	EndGlobalSection
EndGlobal
